{
  "name": "jonnyleealas",
  "version": "1.0.0",
  "lockfileVersion": 1,
  "requires": true,
  "dependencies": {
    "simple-icons": {
      "version": "3.9.0",
      "resolved": "https://registry.npmjs.org/simple-icons/-/simple-icons-3.9.0.tgz",
      "integrity": "sha512-/xmuSTw1zovEXCRJIBLlOS9naC41yI4Uk5RmZU1DEc7qu0BrnNkMNtoOvOaj+Vrh4Wzlz6oS0o+sMfDvI9IoYQ=="
    }
  }
}
